
Microsoft Visual Studio Solution File, Format Version 12.00
# Visual Studio 14
VisualStudioVersion = 14.0.25420.1
MinimumVisualStudioVersion = 10.0.40219.1
Project("{FAE04EC0-301F-11D3-BF4B-00C04F79EFBC}") = "minKurs1", "minKurs1\minKurs1.csproj", "{BE018F7E-BCAE-4DA8-8FAD-DF7E70949706}"
EndProject
Project("{FAE04EC0-301F-11D3-BF4B-00C04F79EFBC}") = "Uppdrag 1", "Uppdrag 1\Uppdrag 1.csproj", "{E8BB7202-D442-4BB6-8BC3-3775F1903BF0}"
EndProject
Project("{FAE04EC0-301F-11D3-BF4B-00C04F79EFBC}") = "avrundning", "avrundning\avrundning.csproj", "{191D612C-434E-46D6-8A9D-4D2414E3FB24}"
EndProject
Project("{FAE04EC0-301F-11D3-BF4B-00C04F79EFBC}") = "gissaTalet", "gissaTalet\gissaTalet.csproj", "{63750196-DEC8-489D-9C1C-052BB60D2BE2}"
EndProject
Project("{FAE04EC0-301F-11D3-BF4B-00C04F79EFBC}") = "tryTest", "tryTest\tryTest.csproj", "{5EC3811A-30A5-4601-A0CE-4DC1D1F1EE33}"
EndProject
Project("{FAE04EC0-301F-11D3-BF4B-00C04F79EFBC}") = "amerikanen_I_Bastun", "amerikanen_I_Bastun\amerikanen_I_Bastun.csproj", "{6119E48D-8287-4FE8-A74B-2634A1D19B37}"
EndProject
Project("{FAE04EC0-301F-11D3-BF4B-00C04F79EFBC}") = "farToCel", "farToCel\farToCel.csproj", "{8C8C6C73-F705-4809-BF89-8AC10E909136}"
EndProject
Project("{FAE04EC0-301F-11D3-BF4B-00C04F79EFBC}") = "mattias_bastuHjälp", "mattias_bastuHjälp\mattias_bastuHjälp.csproj", "{95D1F65C-B8FF-47AC-AF55-D558EAAE4F07}"
EndProject
Project("{FAE04EC0-301F-11D3-BF4B-00C04F79EFBC}") = "Bank", "Bank\Bank.csproj", "{292D3B1E-07B5-4B64-8F42-8A4E5B62591D}"
EndProject
Project("{FAE04EC0-301F-11D3-BF4B-00C04F79EFBC}") = "bingo", "bingo\bingo.csproj", "{F42FB14E-E7E2-423B-AC27-98755ABD847B}"
EndProject
Project("{FAE04EC0-301F-11D3-BF4B-00C04F79EFBC}") = "sodacrate", "sodacrate\sodacrate.csproj", "{8793C730-F446-4F16-80A7-9A0D91364CB2}"
EndProject
Project("{FAE04EC0-301F-11D3-BF4B-00C04F79EFBC}") = "DiscBag", "DiscBag\DiscBag.csproj", "{9456B2A1-5CA0-49A3-A6E6-14C8DE7DBAA3}"
EndProject
Global
	GlobalSection(SolutionConfigurationPlatforms) = preSolution
		Debug|Any CPU = Debug|Any CPU
		Release|Any CPU = Release|Any CPU
	EndGlobalSection
	GlobalSection(ProjectConfigurationPlatforms) = postSolution
		{BE018F7E-BCAE-4DA8-8FAD-DF7E70949706}.Debug|Any CPU.ActiveCfg = Debug|Any CPU
		{BE018F7E-BCAE-4DA8-8FAD-DF7E70949706}.Debug|Any CPU.Build.0 = Debug|Any CPU
		{BE018F7E-BCAE-4DA8-8FAD-DF7E70949706}.Release|Any CPU.ActiveCfg = Release|Any CPU
		{BE018F7E-BCAE-4DA8-8FAD-DF7E70949706}.Release|Any CPU.Build.0 = Release|Any CPU
		{E8BB7202-D442-4BB6-8BC3-3775F1903BF0}.Debug|Any CPU.ActiveCfg = Debug|Any CPU
		{E8BB7202-D442-4BB6-8BC3-3775F1903BF0}.Debug|Any CPU.Build.0 = Debug|Any CPU
		{E8BB7202-D442-4BB6-8BC3-3775F1903BF0}.Release|Any CPU.ActiveCfg = Release|Any CPU
		{E8BB7202-D442-4BB6-8BC3-3775F1903BF0}.Release|Any CPU.Build.0 = Release|Any CPU
		{191D612C-434E-46D6-8A9D-4D2414E3FB24}.Debug|Any CPU.ActiveCfg = Debug|Any CPU
		{191D612C-434E-46D6-8A9D-4D2414E3FB24}.Debug|Any CPU.Build.0 = Debug|Any CPU
		{191D612C-434E-46D6-8A9D-4D2414E3FB24}.Release|Any CPU.ActiveCfg = Release|Any CPU
		{191D612C-434E-46D6-8A9D-4D2414E3FB24}.Release|Any CPU.Build.0 = Release|Any CPU
		{63750196-DEC8-489D-9C1C-052BB60D2BE2}.Debug|Any CPU.ActiveCfg = Debug|Any CPU
		{63750196-DEC8-489D-9C1C-052BB60D2BE2}.Debug|Any CPU.Build.0 = Debug|Any CPU
		{63750196-DEC8-489D-9C1C-052BB60D2BE2}.Release|Any CPU.ActiveCfg = Release|Any CPU
		{63750196-DEC8-489D-9C1C-052BB60D2BE2}.Release|Any CPU.Build.0 = Release|Any CPU
		{5EC3811A-30A5-4601-A0CE-4DC1D1F1EE33}.Debug|Any CPU.ActiveCfg = Debug|Any CPU
		{5EC3811A-30A5-4601-A0CE-4DC1D1F1EE33}.Debug|Any CPU.Build.0 = Debug|Any CPU
		{5EC3811A-30A5-4601-A0CE-4DC1D1F1EE33}.Release|Any CPU.ActiveCfg = Release|Any CPU
		{5EC3811A-30A5-4601-A0CE-4DC1D1F1EE33}.Release|Any CPU.Build.0 = Release|Any CPU
		{6119E48D-8287-4FE8-A74B-2634A1D19B37}.Debug|Any CPU.ActiveCfg = Debug|Any CPU
		{6119E48D-8287-4FE8-A74B-2634A1D19B37}.Debug|Any CPU.Build.0 = Debug|Any CPU
		{6119E48D-8287-4FE8-A74B-2634A1D19B37}.Release|Any CPU.ActiveCfg = Release|Any CPU
		{6119E48D-8287-4FE8-A74B-2634A1D19B37}.Release|Any CPU.Build.0 = Release|Any CPU
		{8C8C6C73-F705-4809-BF89-8AC10E909136}.Debug|Any CPU.ActiveCfg = Debug|Any CPU
		{8C8C6C73-F705-4809-BF89-8AC10E909136}.Debug|Any CPU.Build.0 = Debug|Any CPU
		{8C8C6C73-F705-4809-BF89-8AC10E909136}.Release|Any CPU.ActiveCfg = Release|Any CPU
		{8C8C6C73-F705-4809-BF89-8AC10E909136}.Release|Any CPU.Build.0 = Release|Any CPU
		{95D1F65C-B8FF-47AC-AF55-D558EAAE4F07}.Debug|Any CPU.ActiveCfg = Debug|Any CPU
		{95D1F65C-B8FF-47AC-AF55-D558EAAE4F07}.Debug|Any CPU.Build.0 = Debug|Any CPU
		{95D1F65C-B8FF-47AC-AF55-D558EAAE4F07}.Release|Any CPU.ActiveCfg = Release|Any CPU
		{95D1F65C-B8FF-47AC-AF55-D558EAAE4F07}.Release|Any CPU.Build.0 = Release|Any CPU
		{292D3B1E-07B5-4B64-8F42-8A4E5B62591D}.Debug|Any CPU.ActiveCfg = Debug|Any CPU
		{292D3B1E-07B5-4B64-8F42-8A4E5B62591D}.Debug|Any CPU.Build.0 = Debug|Any CPU
		{292D3B1E-07B5-4B64-8F42-8A4E5B62591D}.Release|Any CPU.ActiveCfg = Release|Any CPU
		{292D3B1E-07B5-4B64-8F42-8A4E5B62591D}.Release|Any CPU.Build.0 = Release|Any CPU
		{F42FB14E-E7E2-423B-AC27-98755ABD847B}.Debug|Any CPU.ActiveCfg = Debug|Any CPU
		{F42FB14E-E7E2-423B-AC27-98755ABD847B}.Debug|Any CPU.Build.0 = Debug|Any CPU
		{F42FB14E-E7E2-423B-AC27-98755ABD847B}.Release|Any CPU.ActiveCfg = Release|Any CPU
		{F42FB14E-E7E2-423B-AC27-98755ABD847B}.Release|Any CPU.Build.0 = Release|Any CPU
		{8793C730-F446-4F16-80A7-9A0D91364CB2}.Debug|Any CPU.ActiveCfg = Debug|Any CPU
		{8793C730-F446-4F16-80A7-9A0D91364CB2}.Debug|Any CPU.Build.0 = Debug|Any CPU
		{8793C730-F446-4F16-80A7-9A0D91364CB2}.Release|Any CPU.ActiveCfg = Release|Any CPU
		{8793C730-F446-4F16-80A7-9A0D91364CB2}.Release|Any CPU.Build.0 = Release|Any CPU
		{9456B2A1-5CA0-49A3-A6E6-14C8DE7DBAA3}.Debug|Any CPU.ActiveCfg = Debug|Any CPU
		{9456B2A1-5CA0-49A3-A6E6-14C8DE7DBAA3}.Debug|Any CPU.Build.0 = Debug|Any CPU
		{9456B2A1-5CA0-49A3-A6E6-14C8DE7DBAA3}.Release|Any CPU.ActiveCfg = Release|Any CPU
		{9456B2A1-5CA0-49A3-A6E6-14C8DE7DBAA3}.Release|Any CPU.Build.0 = Release|Any CPU
	EndGlobalSection
	GlobalSection(SolutionProperties) = preSolution
		HideSolutionNode = FALSE
	EndGlobalSection
EndGlobal
